// !$*UTF8*$!
{
	archiveVersion = 1;
	classes = {
	};
	objectVersion = 46;
	objects = {

/* Begin PBXBuildFile section */
		581C2FA01BD4C2A90021ABA3 /* main.m in Sources */ = {isa = PBXBuildFile; fileRef = 581C2F9F1BD4C2A90021ABA3 /* main.m */; };
		581C2FA31BD4C2A90021ABA3 /* AppDelegate.m in Sources */ = {isa = PBXBuildFile; fileRef = 581C2FA21BD4C2A90021ABA3 /* AppDelegate.m */; };
		581C2FA61BD4C2A90021ABA3 /* ViewController.m in Sources */ = {isa = PBXBuildFile; fileRef = 581C2FA51BD4C2A90021ABA3 /* ViewController.m */; };
		581C2FA91BD4C2A90021ABA3 /* Main.storyboard in Resources */ = {isa = PBXBuildFile; fileRef = 581C2FA71BD4C2A90021ABA3 /* Main.storyboard */; };
		581C2FAC1BD4C2A90021ABA3 /* Save.xcdatamodeld in Sources */ = {isa = PBXBuildFile; fileRef = 581C2FAA1BD4C2A90021ABA3 /* Save.xcdatamodeld */; };
		581C2FAE1BD4C2A90021ABA3 /* Assets.xcassets in Resources */ = {isa = PBXBuildFile; fileRef = 581C2FAD1BD4C2A90021ABA3 /* Assets.xcassets */; };
		581C2FB11BD4C2A90021ABA3 /* LaunchScreen.storyboard in Resources */ = {isa = PBXBuildFile; fileRef = 581C2FAF1BD4C2A90021ABA3 /* LaunchScreen.storyboard */; };
		581C2FBC1BD4C2A90021ABA3 /* SaveTests.m in Sources */ = {isa = PBXBuildFile; fileRef = 581C2FBB1BD4C2A90021ABA3 /* SaveTests.m */; };
		581C2FC71BD4C2A90021ABA3 /* SaveUITests.m in Sources */ = {isa = PBXBuildFile; fileRef = 581C2FC61BD4C2A90021ABA3 /* SaveUITests.m */; };
		581C2FEF1BD4F8E70021ABA3 /* EuropeUnderground_light.ttf in Resources */ = {isa = PBXBuildFile; fileRef = 581C2FED1BD4F8E70021ABA3 /* EuropeUnderground_light.ttf */; };
		584F2E5B1BD66A0800F91052 /* SDetailViewController.m in Sources */ = {isa = PBXBuildFile; fileRef = 584F2E5A1BD66A0800F91052 /* SDetailViewController.m */; };
		585F9F471BD506EF006CC223 /* Adequate-ExtraLight.ttf in Resources */ = {isa = PBXBuildFile; fileRef = 585F9F461BD506EF006CC223 /* Adequate-ExtraLight.ttf */; };
		5873D3DB1BDE260B00D5BBEC /* AKPickerView.m in Sources */ = {isa = PBXBuildFile; fileRef = 5873D3DA1BDE260B00D5BBEC /* AKPickerView.m */; };
		5874725A1BE791D700F3470D /* Photos.framework in Frameworks */ = {isa = PBXBuildFile; fileRef = 587472591BE791D700F3470D /* Photos.framework */; };
		5878467F1BE35F6300181EC4 /* SLabel.m in Sources */ = {isa = PBXBuildFile; fileRef = 5878467E1BE35F6300181EC4 /* SLabel.m */; };
		58FA04401BE73EE800787B58 /* SButton.m in Sources */ = {isa = PBXBuildFile; fileRef = 58FA043F1BE73EE800787B58 /* SButton.m */; };
		58FA04441BE7521900787B58 /* SCollectionViewCell.m in Sources */ = {isa = PBXBuildFile; fileRef = 58FA04421BE7521900787B58 /* SCollectionViewCell.m */; };
		58FA04451BE7521900787B58 /* SCollectionViewCell.xib in Resources */ = {isa = PBXBuildFile; fileRef = 58FA04431BE7521900787B58 /* SCollectionViewCell.xib */; };
		58FC99FE1BE87EBC001F5F49 /* UICollectionView+UICollectionView_Convenience.m in Sources */ = {isa = PBXBuildFile; fileRef = 58FC99FD1BE87EBC001F5F49 /* UICollectionView+UICollectionView_Convenience.m */; };
		58FC9A011BE87F9D001F5F49 /* NSIndexSet+NSIndexSet_Convenience.m in Sources */ = {isa = PBXBuildFile; fileRef = 58FC9A001BE87F9D001F5F49 /* NSIndexSet+NSIndexSet_Convenience.m */; };
		8C28FAE895FE3B71170C029C /* Pods_Save.framework in Frameworks */ = {isa = PBXBuildFile; fileRef = 817266FE4409656ECCBD2ADF /* Pods_Save.framework */; };
/* End PBXBuildFile section */

/* Begin PBXContainerItemProxy section */
		581C2FB81BD4C2A90021ABA3 /* PBXContainerItemProxy */ = {
			isa = PBXContainerItemProxy;
			containerPortal = 581C2F931BD4C2A90021ABA3 /* Project object */;
			proxyType = 1;
			remoteGlobalIDString = 581C2F9A1BD4C2A90021ABA3;
			remoteInfo = Save;
		};
		581C2FC31BD4C2A90021ABA3 /* PBXContainerItemProxy */ = {
			isa = PBXContainerItemProxy;
			containerPortal = 581C2F931BD4C2A90021ABA3 /* Project object */;
			proxyType = 1;
			remoteGlobalIDString = 581C2F9A1BD4C2A90021ABA3;
			remoteInfo = Save;
		};
/* End PBXContainerItemProxy section */

/* Begin PBXFileReference section */
		2CB5F7C3B91EDBCC9350C37B /* Pods-Save.debug.xcconfig */ = {isa = PBXFileReference; includeInIndex = 1; lastKnownFileType = text.xcconfig; name = "Pods-Save.debug.xcconfig"; path = "Pods/Target Support Files/Pods-Save/Pods-Save.debug.xcconfig"; sourceTree = "<group>"; };
		581C2F9B1BD4C2A90021ABA3 /* Save.app */ = {isa = PBXFileReference; explicitFileType = wrapper.application; includeInIndex = 0; path = Save.app; sourceTree = BUILT_PRODUCTS_DIR; };
		581C2F9F1BD4C2A90021ABA3 /* main.m */ = {isa = PBXFileReference; lastKnownFileType = sourcecode.c.objc; path = main.m; sourceTree = "<group>"; };
		581C2FA11BD4C2A90021ABA3 /* AppDelegate.h */ = {isa = PBXFileReference; lastKnownFileType = sourcecode.c.h; path = AppDelegate.h; sourceTree = "<group>"; };
		581C2FA21BD4C2A90021ABA3 /* AppDelegate.m */ = {isa = PBXFileReference; lastKnownFileType = sourcecode.c.objc; path = AppDelegate.m; sourceTree = "<group>"; };
		581C2FA41BD4C2A90021ABA3 /* ViewController.h */ = {isa = PBXFileReference; lastKnownFileType = sourcecode.c.h; path = ViewController.h; sourceTree = "<group>"; };
		581C2FA51BD4C2A90021ABA3 /* ViewController.m */ = {isa = PBXFileReference; lastKnownFileType = sourcecode.c.objc; path = ViewController.m; sourceTree = "<group>"; };
		581C2FA81BD4C2A90021ABA3 /* Base */ = {isa = PBXFileReference; lastKnownFileType = file.storyboard; name = Base; path = Base.lproj/Main.storyboard; sourceTree = "<group>"; };
		581C2FAB1BD4C2A90021ABA3 /* Save.xcdatamodel */ = {isa = PBXFileReference; lastKnownFileType = wrapper.xcdatamodel; path = Save.xcdatamodel; sourceTree = "<group>"; };
		581C2FAD1BD4C2A90021ABA3 /* Assets.xcassets */ = {isa = PBXFileReference; lastKnownFileType = folder.assetcatalog; path = Assets.xcassets; sourceTree = "<group>"; };
		581C2FB01BD4C2A90021ABA3 /* Base */ = {isa = PBXFileReference; lastKnownFileType = file.storyboard; name = Base; path = Base.lproj/LaunchScreen.storyboard; sourceTree = "<group>"; };
		581C2FB21BD4C2A90021ABA3 /* Info.plist */ = {isa = PBXFileReference; lastKnownFileType = text.plist.xml; path = Info.plist; sourceTree = "<group>"; };
		581C2FB71BD4C2A90021ABA3 /* SaveTests.xctest */ = {isa = PBXFileReference; explicitFileType = wrapper.cfbundle; includeInIndex = 0; path = SaveTests.xctest; sourceTree = BUILT_PRODUCTS_DIR; };
		581C2FBB1BD4C2A90021ABA3 /* SaveTests.m */ = {isa = PBXFileReference; lastKnownFileType = sourcecode.c.objc; path = SaveTests.m; sourceTree = "<group>"; };
		581C2FBD1BD4C2A90021ABA3 /* Info.plist */ = {isa = PBXFileReference; lastKnownFileType = text.plist.xml; path = Info.plist; sourceTree = "<group>"; };
		581C2FC21BD4C2A90021ABA3 /* SaveUITests.xctest */ = {isa = PBXFileReference; explicitFileType = wrapper.cfbundle; includeInIndex = 0; path = SaveUITests.xctest; sourceTree = BUILT_PRODUCTS_DIR; };
		581C2FC61BD4C2A90021ABA3 /* SaveUITests.m */ = {isa = PBXFileReference; lastKnownFileType = sourcecode.c.objc; path = SaveUITests.m; sourceTree = "<group>"; };
		581C2FC81BD4C2A90021ABA3 /* Info.plist */ = {isa = PBXFileReference; lastKnownFileType = text.plist.xml; path = Info.plist; sourceTree = "<group>"; };
		581C2FED1BD4F8E70021ABA3 /* EuropeUnderground_light.ttf */ = {isa = PBXFileReference; lastKnownFileType = file; path = EuropeUnderground_light.ttf; sourceTree = "<group>"; };
		584F2E591BD66A0800F91052 /* SDetailViewController.h */ = {isa = PBXFileReference; fileEncoding = 4; lastKnownFileType = sourcecode.c.h; path = SDetailViewController.h; sourceTree = "<group>"; };
		584F2E5A1BD66A0800F91052 /* SDetailViewController.m */ = {isa = PBXFileReference; fileEncoding = 4; lastKnownFileType = sourcecode.c.objc; path = SDetailViewController.m; sourceTree = "<group>"; };
		585F9F461BD506EF006CC223 /* Adequate-ExtraLight.ttf */ = {isa = PBXFileReference; lastKnownFileType = file; path = "Adequate-ExtraLight.ttf"; sourceTree = "<group>"; };
		5873D3D91BDE260B00D5BBEC /* AKPickerView.h */ = {isa = PBXFileReference; fileEncoding = 4; lastKnownFileType = sourcecode.c.h; path = AKPickerView.h; sourceTree = "<group>"; };
		5873D3DA1BDE260B00D5BBEC /* AKPickerView.m */ = {isa = PBXFileReference; fileEncoding = 4; lastKnownFileType = sourcecode.c.objc; path = AKPickerView.m; sourceTree = "<group>"; };
		587472591BE791D700F3470D /* Photos.framework */ = {isa = PBXFileReference; lastKnownFileType = wrapper.framework; name = Photos.framework; path = System/Library/Frameworks/Photos.framework; sourceTree = SDKROOT; };
		5878467D1BE35F6300181EC4 /* SLabel.h */ = {isa = PBXFileReference; fileEncoding = 4; lastKnownFileType = sourcecode.c.h; path = SLabel.h; sourceTree = "<group>"; };
		5878467E1BE35F6300181EC4 /* SLabel.m */ = {isa = PBXFileReference; fileEncoding = 4; lastKnownFileType = sourcecode.c.objc; path = SLabel.m; sourceTree = "<group>"; };
		58FA043E1BE73EE800787B58 /* SButton.h */ = {isa = PBXFileReference; fileEncoding = 4; lastKnownFileType = sourcecode.c.h; path = SButton.h; sourceTree = "<group>"; };
		58FA043F1BE73EE800787B58 /* SButton.m */ = {isa = PBXFileReference; fileEncoding = 4; lastKnownFileType = sourcecode.c.objc; path = SButton.m; sourceTree = "<group>"; };
		58FA04411BE7521900787B58 /* SCollectionViewCell.h */ = {isa = PBXFileReference; fileEncoding = 4; lastKnownFileType = sourcecode.c.h; path = SCollectionViewCell.h; sourceTree = "<group>"; };
		58FA04421BE7521900787B58 /* SCollectionViewCell.m */ = {isa = PBXFileReference; fileEncoding = 4; lastKnownFileType = sourcecode.c.objc; path = SCollectionViewCell.m; sourceTree = "<group>"; };
		58FA04431BE7521900787B58 /* SCollectionViewCell.xib */ = {isa = PBXFileReference; fileEncoding = 4; lastKnownFileType = file.xib; path = SCollectionViewCell.xib; sourceTree = "<group>"; };
		58FC99FC1BE87EBC001F5F49 /* UICollectionView+UICollectionView_Convenience.h */ = {isa = PBXFileReference; fileEncoding = 4; lastKnownFileType = sourcecode.c.h; path = "UICollectionView+UICollectionView_Convenience.h"; sourceTree = "<group>"; };
		58FC99FD1BE87EBC001F5F49 /* UICollectionView+UICollectionView_Convenience.m */ = {isa = PBXFileReference; fileEncoding = 4; lastKnownFileType = sourcecode.c.objc; path = "UICollectionView+UICollectionView_Convenience.m"; sourceTree = "<group>"; };
		58FC99FF1BE87F9D001F5F49 /* NSIndexSet+NSIndexSet_Convenience.h */ = {isa = PBXFileReference; fileEncoding = 4; lastKnownFileType = sourcecode.c.h; path = "NSIndexSet+NSIndexSet_Convenience.h"; sourceTree = "<group>"; };
		58FC9A001BE87F9D001F5F49 /* NSIndexSet+NSIndexSet_Convenience.m */ = {isa = PBXFileReference; fileEncoding = 4; lastKnownFileType = sourcecode.c.objc; path = "NSIndexSet+NSIndexSet_Convenience.m"; sourceTree = "<group>"; };
		817266FE4409656ECCBD2ADF /* Pods_Save.framework */ = {isa = PBXFileReference; explicitFileType = wrapper.framework; includeInIndex = 0; path = Pods_Save.framework; sourceTree = BUILT_PRODUCTS_DIR; };
		A91B8680B10D67FB5F073EAC /* Pods-Save.release.xcconfig */ = {isa = PBXFileReference; includeInIndex = 1; lastKnownFileType = text.xcconfig; name = "Pods-Save.release.xcconfig"; path = "Pods/Target Support Files/Pods-Save/Pods-Save.release.xcconfig"; sourceTree = "<group>"; };
/* End PBXFileReference section */

/* Begin PBXFrameworksBuildPhase section */
		581C2F981BD4C2A90021ABA3 /* Frameworks */ = {
			isa = PBXFrameworksBuildPhase;
			buildActionMask = 2147483647;
			files = (
				5874725A1BE791D700F3470D /* Photos.framework in Frameworks */,
				8C28FAE895FE3B71170C029C /* Pods_Save.framework in Frameworks */,
			);
			runOnlyForDeploymentPostprocessing = 0;
		};
		581C2FB41BD4C2A90021ABA3 /* Frameworks */ = {
			isa = PBXFrameworksBuildPhase;
			buildActionMask = 2147483647;
			files = (
			);
			runOnlyForDeploymentPostprocessing = 0;
		};
		581C2FBF1BD4C2A90021ABA3 /* Frameworks */ = {
			isa = PBXFrameworksBuildPhase;
			buildActionMask = 2147483647;
			files = (
			);
			runOnlyForDeploymentPostprocessing = 0;
		};
/* End PBXFrameworksBuildPhase section */

/* Begin PBXGroup section */
		581C2F921BD4C2A90021ABA3 = {
			isa = PBXGroup;
			children = (
				581C2F9D1BD4C2A90021ABA3 /* Save */,
				581C2FBA1BD4C2A90021ABA3 /* SaveTests */,
				581C2FC51BD4C2A90021ABA3 /* SaveUITests */,
				581C2F9C1BD4C2A90021ABA3 /* Products */,
				A6C3E834F0EEE8C93C762D74 /* Pods */,
				900A26C992B839159BB4E56C /* Frameworks */,
			);
			sourceTree = "<group>";
		};
		581C2F9C1BD4C2A90021ABA3 /* Products */ = {
			isa = PBXGroup;
			children = (
				581C2F9B1BD4C2A90021ABA3 /* Save.app */,
				581C2FB71BD4C2A90021ABA3 /* SaveTests.xctest */,
				581C2FC21BD4C2A90021ABA3 /* SaveUITests.xctest */,
			);
			name = Products;
			sourceTree = "<group>";
		};
		581C2F9D1BD4C2A90021ABA3 /* Save */ = {
			isa = PBXGroup;
			children = (
				585F9F4B1BD513B6006CC223 /* Custom */,
				581C2FEB1BD4F8CF0021ABA3 /* Fonts */,
				581C2FDE1BD4E9FB0021ABA3 /* ViewControllers */,
				581C2FA11BD4C2A90021ABA3 /* AppDelegate.h */,
				581C2FA21BD4C2A90021ABA3 /* AppDelegate.m */,
				581C2FA71BD4C2A90021ABA3 /* Main.storyboard */,
				581C2FAD1BD4C2A90021ABA3 /* Assets.xcassets */,
				581C2FAF1BD4C2A90021ABA3 /* LaunchScreen.storyboard */,
				581C2FB21BD4C2A90021ABA3 /* Info.plist */,
				581C2FAA1BD4C2A90021ABA3 /* Save.xcdatamodeld */,
				581C2F9E1BD4C2A90021ABA3 /* Supporting Files */,
			);
			path = Save;
			sourceTree = "<group>";
		};
		581C2F9E1BD4C2A90021ABA3 /* Supporting Files */ = {
			isa = PBXGroup;
			children = (
				581C2F9F1BD4C2A90021ABA3 /* main.m */,
			);
			name = "Supporting Files";
			sourceTree = "<group>";
		};
		581C2FBA1BD4C2A90021ABA3 /* SaveTests */ = {
			isa = PBXGroup;
			children = (
				581C2FBB1BD4C2A90021ABA3 /* SaveTests.m */,
				581C2FBD1BD4C2A90021ABA3 /* Info.plist */,
			);
			path = SaveTests;
			sourceTree = "<group>";
		};
		581C2FC51BD4C2A90021ABA3 /* SaveUITests */ = {
			isa = PBXGroup;
			children = (
				581C2FC61BD4C2A90021ABA3 /* SaveUITests.m */,
				581C2FC81BD4C2A90021ABA3 /* Info.plist */,
			);
			path = SaveUITests;
			sourceTree = "<group>";
		};
		581C2FDE1BD4E9FB0021ABA3 /* ViewControllers */ = {
			isa = PBXGroup;
			children = (
				581C2FA41BD4C2A90021ABA3 /* ViewController.h */,
				581C2FA51BD4C2A90021ABA3 /* ViewController.m */,
				584F2E591BD66A0800F91052 /* SDetailViewController.h */,
				584F2E5A1BD66A0800F91052 /* SDetailViewController.m */,
			);
			name = ViewControllers;
			sourceTree = "<group>";
		};
		581C2FEB1BD4F8CF0021ABA3 /* Fonts */ = {
			isa = PBXGroup;
			children = (
				581C2FED1BD4F8E70021ABA3 /* EuropeUnderground_light.ttf */,
				585F9F461BD506EF006CC223 /* Adequate-ExtraLight.ttf */,
			);
			name = Fonts;
			sourceTree = "<group>";
		};
		585F9F4B1BD513B6006CC223 /* Custom */ = {
			isa = PBXGroup;
			children = (
				5873D3D91BDE260B00D5BBEC /* AKPickerView.h */,
				5873D3DA1BDE260B00D5BBEC /* AKPickerView.m */,
				5878467D1BE35F6300181EC4 /* SLabel.h */,
				5878467E1BE35F6300181EC4 /* SLabel.m */,
				58FA043E1BE73EE800787B58 /* SButton.h */,
				58FA043F1BE73EE800787B58 /* SButton.m */,
				58FA04411BE7521900787B58 /* SCollectionViewCell.h */,
				58FA04421BE7521900787B58 /* SCollectionViewCell.m */,
				58FA04431BE7521900787B58 /* SCollectionViewCell.xib */,
				58FC99FC1BE87EBC001F5F49 /* UICollectionView+UICollectionView_Convenience.h */,
				58FC99FD1BE87EBC001F5F49 /* UICollectionView+UICollectionView_Convenience.m */,
				58FC99FF1BE87F9D001F5F49 /* NSIndexSet+NSIndexSet_Convenience.h */,
				58FC9A001BE87F9D001F5F49 /* NSIndexSet+NSIndexSet_Convenience.m */,
			);
			name = Custom;
			sourceTree = "<group>";
		};
		900A26C992B839159BB4E56C /* Frameworks */ = {
			isa = PBXGroup;
			children = (
				587472591BE791D700F3470D /* Photos.framework */,
				817266FE4409656ECCBD2ADF /* Pods_Save.framework */,
			);
			name = Frameworks;
			sourceTree = "<group>";
		};
		A6C3E834F0EEE8C93C762D74 /* Pods */ = {
			isa = PBXGroup;
			children = (
				2CB5F7C3B91EDBCC9350C37B /* Pods-Save.debug.xcconfig */,
				A91B8680B10D67FB5F073EAC /* Pods-Save.release.xcconfig */,
			);
			name = Pods;
			sourceTree = "<group>";
		};
/* End PBXGroup section */

/* Begin PBXNativeTarget section */
		581C2F9A1BD4C2A90021ABA3 /* Save */ = {
			isa = PBXNativeTarget;
			buildConfigurationList = 581C2FCB1BD4C2A90021ABA3 /* Build configuration list for PBXNativeTarget "Save" */;
			buildPhases = (
				D6DFED6518CCEE595D8A5613 /* Check Pods Manifest.lock */,
				581C2F971BD4C2A90021ABA3 /* Sources */,
				581C2F981BD4C2A90021ABA3 /* Frameworks */,
				581C2F991BD4C2A90021ABA3 /* Resources */,
				A270BDE21D0A9715AB868D80 /* Embed Pods Frameworks */,
				6EE58FCEB3D176761EEAEA0B /* Copy Pods Resources */,
			);
			buildRules = (
			);
			dependencies = (
			);
			name = Save;
			productName = Save;
			productReference = 581C2F9B1BD4C2A90021ABA3 /* Save.app */;
			productType = "com.apple.product-type.application";
		};
		581C2FB61BD4C2A90021ABA3 /* SaveTests */ = {
			isa = PBXNativeTarget;
			buildConfigurationList = 581C2FCE1BD4C2A90021ABA3 /* Build configuration list for PBXNativeTarget "SaveTests" */;
			buildPhases = (
				581C2FB31BD4C2A90021ABA3 /* Sources */,
				581C2FB41BD4C2A90021ABA3 /* Frameworks */,
				581C2FB51BD4C2A90021ABA3 /* Resources */,
			);
			buildRules = (
			);
			dependencies = (
				581C2FB91BD4C2A90021ABA3 /* PBXTargetDependency */,
			);
			name = SaveTests;
			productName = SaveTests;
			productReference = 581C2FB71BD4C2A90021ABA3 /* SaveTests.xctest */;
			productType = "com.apple.product-type.bundle.unit-test";
		};
		581C2FC11BD4C2A90021ABA3 /* SaveUITests */ = {
			isa = PBXNativeTarget;
			buildConfigurationList = 581C2FD11BD4C2A90021ABA3 /* Build configuration list for PBXNativeTarget "SaveUITests" */;
			buildPhases = (
				581C2FBE1BD4C2A90021ABA3 /* Sources */,
				581C2FBF1BD4C2A90021ABA3 /* Frameworks */,
				581C2FC01BD4C2A90021ABA3 /* Resources */,
			);
			buildRules = (
			);
			dependencies = (
				581C2FC41BD4C2A90021ABA3 /* PBXTargetDependency */,
			);
			name = SaveUITests;
			productName = SaveUITests;
			productReference = 581C2FC21BD4C2A90021ABA3 /* SaveUITests.xctest */;
			productType = "com.apple.product-type.bundle.ui-testing";
		};
/* End PBXNativeTarget section */

/* Begin PBXProject section */
		581C2F931BD4C2A90021ABA3 /* Project object */ = {
			isa = PBXProject;
			attributes = {
				LastUpgradeCheck = 0700;
				ORGANIZATIONNAME = Abbin;
				TargetAttributes = {
					581C2F9A1BD4C2A90021ABA3 = {
						CreatedOnToolsVersion = 7.0.1;
					};
					581C2FB61BD4C2A90021ABA3 = {
						CreatedOnToolsVersion = 7.0.1;
						TestTargetID = 581C2F9A1BD4C2A90021ABA3;
					};
					581C2FC11BD4C2A90021ABA3 = {
						CreatedOnToolsVersion = 7.0.1;
						TestTargetID = 581C2F9A1BD4C2A90021ABA3;
					};
				};
			};
			buildConfigurationList = 581C2F961BD4C2A90021ABA3 /* Build configuration list for PBXProject "Save" */;
			compatibilityVersion = "Xcode 3.2";
			developmentRegion = English;
			hasScannedForEncodings = 0;
			knownRegions = (
				en,
				Base,
			);
			mainGroup = 581C2F921BD4C2A90021ABA3;
			productRefGroup = 581C2F9C1BD4C2A90021ABA3 /* Products */;
			projectDirPath = "";
			projectRoot = "";
			targets = (
				581C2F9A1BD4C2A90021ABA3 /* Save */,
				581C2FB61BD4C2A90021ABA3 /* SaveTests */,
				581C2FC11BD4C2A90021ABA3 /* SaveUITests */,
			);
		};
/* End PBXProject section */

/* Begin PBXResourcesBuildPhase section */
		581C2F991BD4C2A90021ABA3 /* Resources */ = {
			isa = PBXResourcesBuildPhase;
			buildActionMask = 2147483647;
			files = (
				581C2FB11BD4C2A90021ABA3 /* LaunchScreen.storyboard in Resources */,
				581C2FAE1BD4C2A90021ABA3 /* Assets.xcassets in Resources */,
				581C2FEF1BD4F8E70021ABA3 /* EuropeUnderground_light.ttf in Resources */,
				585F9F471BD506EF006CC223 /* Adequate-ExtraLight.ttf in Resources */,
				58FA04451BE7521900787B58 /* SCollectionViewCell.xib in Resources */,
				581C2FA91BD4C2A90021ABA3 /* Main.storyboard in Resources */,
			);
			runOnlyForDeploymentPostprocessing = 0;
		};
		581C2FB51BD4C2A90021ABA3 /* Resources */ = {
			isa = PBXResourcesBuildPhase;
			buildActionMask = 2147483647;
			files = (
			);
			runOnlyForDeploymentPostprocessing = 0;
		};
		581C2FC01BD4C2A90021ABA3 /* Resources */ = {
			isa = PBXResourcesBuildPhase;
			buildActionMask = 2147483647;
			files = (
			);
			runOnlyForDeploymentPostprocessing = 0;
		};
/* End PBXResourcesBuildPhase section */

/* Begin PBXShellScriptBuildPhase section */
		6EE58FCEB3D176761EEAEA0B /* Copy Pods Resources */ = {
			isa = PBXShellScriptBuildPhase;
			buildActionMask = 2147483647;
			files = (
			);
			inputPaths = (
			);
			name = "Copy Pods Resources";
			outputPaths = (
			);
			runOnlyForDeploymentPostprocessing = 0;
			shellPath = /bin/sh;
			shellScript = "\"${SRCROOT}/Pods/Target Support Files/Pods-Save/Pods-Save-resources.sh\"\n";
			showEnvVarsInLog = 0;
		};
		A270BDE21D0A9715AB868D80 /* Embed Pods Frameworks */ = {
			isa = PBXShellScriptBuildPhase;
			buildActionMask = 2147483647;
			files = (
			);
			inputPaths = (
			);
			name = "Embed Pods Frameworks";
			outputPaths = (
			);
			runOnlyForDeploymentPostprocessing = 0;
			shellPath = /bin/sh;
			shellScript = "\"${SRCROOT}/Pods/Target Support Files/Pods-Save/Pods-Save-frameworks.sh\"\n";
			showEnvVarsInLog = 0;
		};
		D6DFED6518CCEE595D8A5613 /* Check Pods Manifest.lock */ = {
			isa = PBXShellScriptBuildPhase;
			buildActionMask = 2147483647;
			files = (
			);
			inputPaths = (
			);
			name = "Check Pods Manifest.lock";
			outputPaths = (
			);
			runOnlyForDeploymentPostprocessing = 0;
			shellPath = /bin/sh;
			shellScript = "diff \"${PODS_ROOT}/../Podfile.lock\" \"${PODS_ROOT}/Manifest.lock\" > /dev/null\nif [[ $? != 0 ]] ; then\n    cat << EOM\nerror: The sandbox is not in sync with the Podfile.lock. Run 'pod install' or update your CocoaPods installation.\nEOM\n    exit 1\nfi\n";
			showEnvVarsInLog = 0;
		};
/* End PBXShellScriptBuildPhase section */

/* Begin PBXSourcesBuildPhase section */
		581C2F971BD4C2A90021ABA3 /* Sources */ = {
			isa = PBXSourcesBuildPhase;
			buildActionMask = 2147483647;
			files = (
				5873D3DB1BDE260B00D5BBEC /* AKPickerView.m in Sources */,
				581C2FAC1BD4C2A90021ABA3 /* Save.xcdatamodeld in Sources */,
				581C2FA61BD4C2A90021ABA3 /* ViewController.m in Sources */,
				58FA04401BE73EE800787B58 /* SButton.m in Sources */,
				584F2E5B1BD66A0800F91052 /* SDetailViewController.m in Sources */,
				58FC99FE1BE87EBC001F5F49 /* UICollectionView+UICollectionView_Convenience.m in Sources */,
				581C2FA31BD4C2A90021ABA3 /* AppDelegate.m in Sources */,
				58FC9A011BE87F9D001F5F49 /* NSIndexSet+NSIndexSet_Convenience.m in Sources */,
				5878467F1BE35F6300181EC4 /* SLabel.m in Sources */,
				58FA04441BE7521900787B58 /* SCollectionViewCell.m in Sources */,
				581C2FA01BD4C2A90021ABA3 /* main.m in Sources */,
			);
			runOnlyForDeploymentPostprocessing = 0;
		};
		581C2FB31BD4C2A90021ABA3 /* Sources */ = {
			isa = PBXSourcesBuildPhase;
			buildActionMask = 2147483647;
			files = (
				581C2FBC1BD4C2A90021ABA3 /* SaveTests.m in Sources */,
			);
			runOnlyForDeploymentPostprocessing = 0;
		};
		581C2FBE1BD4C2A90021ABA3 /* Sources */ = {
			isa = PBXSourcesBuildPhase;
			buildActionMask = 2147483647;
			files = (
				581C2FC71BD4C2A90021ABA3 /* SaveUITests.m in Sources */,
			);
			runOnlyForDeploymentPostprocessing = 0;
		};
/* End PBXSourcesBuildPhase section */

/* Begin PBXTargetDependency section */
		581C2FB91BD4C2A90021ABA3 /* PBXTargetDependency */ = {
			isa = PBXTargetDependency;
			target = 581C2F9A1BD4C2A90021ABA3 /* Save */;
			targetProxy = 581C2FB81BD4C2A90021ABA3 /* PBXContainerItemProxy */;
		};
		581C2FC41BD4C2A90021ABA3 /* PBXTargetDependency */ = {
			isa = PBXTargetDependency;
			target = 581C2F9A1BD4C2A90021ABA3 /* Save */;
			targetProxy = 581C2FC31BD4C2A90021ABA3 /* PBXContainerItemProxy */;
		};
/* End PBXTargetDependency section */

/* Begin PBXVariantGroup section */
		581C2FA71BD4C2A90021ABA3 /* Main.storyboard */ = {
			isa = PBXVariantGroup;
			children = (
				581C2FA81BD4C2A90021ABA3 /* Base */,
			);
			name = Main.storyboard;
			sourceTree = "<group>";
		};
		581C2FAF1BD4C2A90021ABA3 /* LaunchScreen.storyboard */ = {
			isa = PBXVariantGroup;
			children = (
				581C2FB01BD4C2A90021ABA3 /* Base */,
			);
			name = LaunchScreen.storyboard;
			sourceTree = "<group>";
		};
/* End PBXVariantGroup section */

/* Begin XCBuildConfiguration section */
		581C2FC91BD4C2A90021ABA3 /* Debug */ = {
			isa = XCBuildConfiguration;
			buildSettings = {
				ALWAYS_SEARCH_USER_PATHS = NO;
				CLANG_CXX_LANGUAGE_STANDARD = "gnu++0x";
				CLANG_CXX_LIBRARY = "libc++";
				CLANG_ENABLE_MODULES = YES;
				CLANG_ENABLE_OBJC_ARC = YES;
				CLANG_WARN_BOOL_CONVERSION = YES;
				CLANG_WARN_CONSTANT_CONVERSION = YES;
				CLANG_WARN_DIRECT_OBJC_ISA_USAGE = YES_ERROR;
				CLANG_WARN_EMPTY_BODY = YES;
				CLANG_WARN_ENUM_CONVERSION = YES;
				CLANG_WARN_INT_CONVERSION = YES;
				CLANG_WARN_OBJC_ROOT_CLASS = YES_ERROR;
				CLANG_WARN_UNREACHABLE_CODE = YES;
				CLANG_WARN__DUPLICATE_METHOD_MATCH = YES;
				CODE_SIGN_IDENTITY = "iPhone Developer: Abbin Varghese (7NSQ6MWKUS)";
				"CODE_SIGN_IDENTITY[sdk=iphoneos*]" = "iPhone Developer: Abbin Varghese (7NSQ6MWKUS)";
				COPY_PHASE_STRIP = NO;
				DEBUG_INFORMATION_FORMAT = dwarf;
				ENABLE_STRICT_OBJC_MSGSEND = YES;
				ENABLE_TESTABILITY = YES;
				GCC_C_LANGUAGE_STANDARD = gnu99;
				GCC_DYNAMIC_NO_PIC = NO;
				GCC_NO_COMMON_BLOCKS = YES;
				GCC_OPTIMIZATION_LEVEL = 0;
				GCC_PREPROCESSOR_DEFINITIONS = (
					"DEBUG=1",
					"$(inherited)",
				);
				GCC_WARN_64_TO_32_BIT_CONVERSION = YES;
				GCC_WARN_ABOUT_RETURN_TYPE = YES_ERROR;
				GCC_WARN_UNDECLARED_SELECTOR = YES;
				GCC_WARN_UNINITIALIZED_AUTOS = YES_AGGRESSIVE;
				GCC_WARN_UNUSED_FUNCTION = YES;
				GCC_WARN_UNUSED_VARIABLE = YES;
				IPHONEOS_DEPLOYMENT_TARGET = 8.0;
				MTL_ENABLE_DEBUG_INFO = YES;
				ONLY_ACTIVE_ARCH = YES;
				PROVISIONING_PROFILE = "f2e8fb16-ad54-4412-859f-81342fcb6a44";
				SDKROOT = iphoneos;
				TARGETED_DEVICE_FAMILY = "1,2";
			};
			name = Debug;
		};
		581C2FCA1BD4C2A90021ABA3 /* Release */ = {
			isa = XCBuildConfiguration;
			buildSettings = {
				ALWAYS_SEARCH_USER_PATHS = NO;
				CLANG_CXX_LANGUAGE_STANDARD = "gnu++0x";
				CLANG_CXX_LIBRARY = "libc++";
				CLANG_ENABLE_MODULES = YES;
				CLANG_ENABLE_OBJC_ARC = YES;
				CLANG_WARN_BOOL_CONVERSION = YES;
				CLANG_WARN_CONSTANT_CONVERSION = YES;
				CLANG_WARN_DIRECT_OBJC_ISA_USAGE = YES_ERROR;
				CLANG_WARN_EMPTY_BODY = YES;
				CLANG_WARN_ENUM_CONVERSION = YES;
				CLANG_WARN_INT_CONVERSION = YES;
				CLANG_WARN_OBJC_ROOT_CLASS = YES_ERROR;
				CLANG_WARN_UNREACHABLE_CODE = YES;
				CLANG_WARN__DUPLICATE_METHOD_MATCH = YES;
				CODE_SIGN_IDENTITY = "iPhone Distribution: Abbin Varghese (76JA3GT3D5)";
				"CODE_SIGN_IDENTITY[sdk=iphoneos*]" = "iPhone Distribution: Abbin Varghese (76JA3GT3D5)";
				COPY_PHASE_STRIP = NO;
				DEBUG_INFORMATION_FORMAT = "dwarf-with-dsym";
				ENABLE_NS_ASSERTIONS = NO;
				ENABLE_STRICT_OBJC_MSGSEND = YES;
				GCC_C_LANGUAGE_STANDARD = gnu99;
				GCC_NO_COMMON_BLOCKS = YES;
				GCC_WARN_64_TO_32_BIT_CONVERSION = YES;
				GCC_WARN_ABOUT_RETURN_TYPE = YES_ERROR;
				GCC_WARN_UNDECLARED_SELECTOR = YES;
				GCC_WARN_UNINITIALIZED_AUTOS = YES_AGGRESSIVE;
				GCC_WARN_UNUSED_FUNCTION = YES;
				GCC_WARN_UNUSED_VARIABLE = YES;
				IPHONEOS_DEPLOYMENT_TARGET = 8.0;
				MTL_ENABLE_DEBUG_INFO = NO;
				PROVISIONING_PROFILE = "b83d395e-036d-4397-948f-c2142428d026";
				SDKROOT = iphoneos;
				TARGETED_DEVICE_FAMILY = "1,2";
				VALIDATE_PRODUCT = YES;
			};
			name = Release;
		};
		581C2FCC1BD4C2A90021ABA3 /* Debug */ = {
			isa = XCBuildConfiguration;
			baseConfigurationReference = 2CB5F7C3B91EDBCC9350C37B /* Pods-Save.debug.xcconfig */;
			buildSettings = {
				ASSETCATALOG_COMPILER_APPICON_NAME = AppIcon;
				CODE_SIGN_IDENTITY = "iPhone Developer: Abbin Varghese (7NSQ6MWKUS)";
				INFOPLIST_FILE = Save/Info.plist;
				LD_RUNPATH_SEARCH_PATHS = "$(inherited) @executable_path/Frameworks";
				PRODUCT_BUNDLE_IDENTIFIER = com.Paadam.Save;
				PRODUCT_NAME = "$(TARGET_NAME)";
				PROVISIONING_PROFILE = "f2e8fb16-ad54-4412-859f-81342fcb6a44";
				TARGETED_DEVICE_FAMILY = "1,2";
			};
			name = Debug;
		};
		581C2FCD1BD4C2A90021ABA3 /* Release */ = {
			isa = XCBuildConfiguration;
			baseConfigurationReference = A91B8680B10D67FB5F073EAC /* Pods-Save.release.xcconfig */;
			buildSettings = {
				ASSETCATALOG_COMPILER_APPICON_NAME = AppIcon;
				CODE_SIGN_IDENTITY = "iPhone Distribution: Abbin Varghese (76JA3GT3D5)";
				INFOPLIST_FILE = Save/Info.plist;
				LD_RUNPATH_SEARCH_PATHS = "$(inherited) @executable_path/Frameworks";
				PRODUCT_BUNDLE_IDENTIFIER = com.Paadam.Save;
				PRODUCT_NAME = "$(TARGET_NAME)";
				PROVISIONING_PROFILE = "b83d395e-036d-4397-948f-c2142428d026";
				TARGETED_DEVICE_FAMILY = "1,2";
			};
			name = Release;
		};
		581C2FCF1BD4C2A90021ABA3 /* Debug */ = {
			isa = XCBuildConfiguration;
			buildSettings = {
				BUNDLE_LOADER = "$(TEST_HOST)";
				INFOPLIST_FILE = SaveTests/Info.plist;
				LD_RUNPATH_SEARCH_PATHS = "$(inherited) @executable_path/Frameworks @loader_path/Frameworks";
				PRODUCT_BUNDLE_IDENTIFIER = com.Paadam.SaveTests;
				PRODUCT_NAME = "$(TARGET_NAME)";
				PROVISIONING_PROFILE = "f2e8fb16-ad54-4412-859f-81342fcb6a44";
				TEST_HOST = "$(BUILT_PRODUCTS_DIR)/Save.app/Save";
			};
			name = Debug;
		};
		581C2FD01BD4C2A90021ABA3 /* Release */ = {
			isa = XCBuildConfiguration;
			buildSettings = {
				BUNDLE_LOADER = "$(TEST_HOST)";
				INFOPLIST_FILE = SaveTests/Info.plist;
				LD_RUNPATH_SEARCH_PATHS = "$(inherited) @executable_path/Frameworks @loader_path/Frameworks";
				PRODUCT_BUNDLE_IDENTIFIER = com.Paadam.SaveTests;
				PRODUCT_NAME = "$(TARGET_NAME)";
				PROVISIONING_PROFILE = "b83d395e-036d-4397-948f-c2142428d026";
				TEST_HOST = "$(BUILT_PRODUCTS_DIR)/Save.app/Save";
			};
			name = Release;
		};
		581C2FD21BD4C2A90021ABA3 /* Debug */ = {
			isa = XCBuildConfiguration;
			buildSettings = {
				INFOPLIST_FILE = SaveUITests/Info.plist;
				LD_RUNPATH_SEARCH_PATHS = "$(inherited) @executable_path/Frameworks @loader_path/Frameworks";
				PRODUCT_BUNDLE_IDENTIFIER = com.Paadam.SaveUITests;
				PRODUCT_NAME = "$(TARGET_NAME)";
				PROVISIONING_PROFILE = "f2e8fb16-ad54-4412-859f-81342fcb6a44";
				TEST_TARGET_NAME = Save;
				USES_XCTRUNNER = YES;
			};
			name = Debug;
		};
		581C2FD31BD4C2A90021ABA3 /* Release */ = {
			isa = XCBuildConfiguration;
			buildSettings = {
				INFOPLIST_FILE = SaveUITests/Info.plist;
				LD_RUNPATH_SEARCH_PATHS = "$(inherited) @executable_path/Frameworks @loader_path/Frameworks";
				PRODUCT_BUNDLE_IDENTIFIER = com.Paadam.SaveUITests;
				PRODUCT_NAME = "$(TARGET_NAME)";
				PROVISIONING_PROFILE = "b83d395e-036d-4397-948f-c2142428d026";
				TEST_TARGET_NAME = Save;
				USES_XCTRUNNER = YES;
			};
			name = Release;
		};
/* End XCBuildConfiguration section */

/* Begin XCConfigurationList section */
		581C2F961BD4C2A90021ABA3 /* Build configuration list for PBXProject "Save" */ = {
			isa = XCConfigurationList;
			buildConfigurations = (
				581C2FC91BD4C2A90021ABA3 /* Debug */,
				581C2FCA1BD4C2A90021ABA3 /* Release */,
			);
			defaultConfigurationIsVisible = 0;
			defaultConfigurationName = Release;
		};
		581C2FCB1BD4C2A90021ABA3 /* Build configuration list for PBXNativeTarget "Save" */ = {
			isa = XCConfigurationList;
			buildConfigurations = (
				581C2FCC1BD4C2A90021ABA3 /* Debug */,
				581C2FCD1BD4C2A90021ABA3 /* Release */,
			);
			defaultConfigurationIsVisible = 0;
			defaultConfigurationName = Release;
		};
		581C2FCE1BD4C2A90021ABA3 /* Build configuration list for PBXNativeTarget "SaveTests" */ = {
			isa = XCConfigurationList;
			buildConfigurations = (
				581C2FCF1BD4C2A90021ABA3 /* Debug */,
				581C2FD01BD4C2A90021ABA3 /* Release */,
			);
			defaultConfigurationIsVisible = 0;
			defaultConfigurationName = Release;
		};
		581C2FD11BD4C2A90021ABA3 /* Build configuration list for PBXNativeTarget "SaveUITests" */ = {
			isa = XCConfigurationList;
			buildConfigurations = (
				581C2FD21BD4C2A90021ABA3 /* Debug */,
				581C2FD31BD4C2A90021ABA3 /* Release */,
			);
			defaultConfigurationIsVisible = 0;
			defaultConfigurationName = Release;
		};
/* End XCConfigurationList section */

/* Begin XCVersionGroup section */
		581C2FAA1BD4C2A90021ABA3 /* Save.xcdatamodeld */ = {
			isa = XCVersionGroup;
			children = (
				581C2FAB1BD4C2A90021ABA3 /* Save.xcdatamodel */,
			);
			currentVersion = 581C2FAB1BD4C2A90021ABA3 /* Save.xcdatamodel */;
			path = Save.xcdatamodeld;
			sourceTree = "<group>";
			versionGroupType = wrapper.xcdatamodel;
		};
/* End XCVersionGroup section */
	};
	rootObject = 581C2F931BD4C2A90021ABA3 /* Project object */;
}
